
Microsoft Visual Studio Solution File, Format Version 12.00
# Visual Studio Version 17
VisualStudioVersion = 17.14.36414.22
MinimumVisualStudioVersion = 10.0.40219.1
Project("{2150E333-8FDC-42A3-9474-1A3956D46DE8}") = "Task0", "Task0", "{02EA681E-C7D8-13C7-8484-4AC65E1B71E8}"
EndProject
Project("{FAE04EC0-301F-11D3-BF4B-00C04F79EFBC}") = "Tyuiu.AjtkuzhinovEE.Sprint1.Task0.V12", "Tyuiu.AjtkuzhinovEE.Sprint1.Task0.V12\Tyuiu.AjtkuzhinovEE.Sprint1.Task0.V12.csproj", "{B44F3AC0-065B-440B-ABD0-B70DDF8CD04A}"
EndProject
Project("{FAE04EC0-301F-11D3-BF4B-00C04F79EFBC}") = "Tyuiu.AjtkuzhinovEE.Sprint1.Task0.V12.Lib", "Tyuiu.AjtkuzhinovEE.Sprint1.Task0.V12.Lib\Tyuiu.AjtkuzhinovEE.Sprint1.Task0.V12.Lib.csproj", "{43FFFE42-0DB5-4B68-BDF0-2D72260F5769}"
EndProject
Project("{FAE04EC0-301F-11D3-BF4B-00C04F79EFBC}") = "Tyuiu.AjtkuzhinovEE.Sprint1.Task0.V12.Test", "Tyuiu.AjtkuzhinovEE.Sprint1.Task0.V12.Test\Tyuiu.AjtkuzhinovEE.Sprint1.Task0.V12.Test.csproj", "{344F3F03-99E8-4728-B7BD-704C55E7A494}"
EndProject
Project("{2150E333-8FDC-42A3-9474-1A3956D46DE8}") = "Task1", "Task1", "{A17F4851-EDA2-4B93-8A25-A92E44A5CA84}"
EndProject
Project("{FAE04EC0-301F-11D3-BF4B-00C04F79EFBC}") = "Tyuiu.AjtkuzhinovEE.Sprint1.Task1.V26", "ConsoleApp1\Tyuiu.AjtkuzhinovEE.Sprint1.Task1.V26.csproj", "{45A0F550-7049-41F5-8677-630F39668493}"
EndProject
Project("{FAE04EC0-301F-11D3-BF4B-00C04F79EFBC}") = "Tyuiu.AjtkuzhinovEE.Sprint1.Task1.V26.Lib", "Tyuiu.AjtkuzhinovEE.Sprint1.Task1.V26.Lib\Tyuiu.AjtkuzhinovEE.Sprint1.Task1.V26.Lib.csproj", "{BB709254-B7DA-481A-A850-6A40A2809DB5}"
EndProject
Project("{FAE04EC0-301F-11D3-BF4B-00C04F79EFBC}") = "Tyuiu.AjtkuzhinovEE.Sprint1.Task1.V26.Test", "Tyuiu.AjtkuzhinovEE.Sprint1.Task1.V26.Test\Tyuiu.AjtkuzhinovEE.Sprint1.Task1.V26.Test.csproj", "{A5925D2F-112A-4CAD-9555-2E89077DDCD6}"
EndProject
Project("{2150E333-8FDC-42A3-9474-1A3956D46DE8}") = "Task2", "Task2", "{FED56C20-071B-41E4-8304-8030F1E5150E}"
EndProject
Project("{FAE04EC0-301F-11D3-BF4B-00C04F79EFBC}") = "Tyuiu.AjtkuzhinovEE.Sprint1.Task2.V5", "Tyuiu.AjtkuzhinovEE.Sprint1.Task2.V5\Tyuiu.AjtkuzhinovEE.Sprint1.Task2.V5.csproj", "{9C4FE155-AF5F-4B87-BF4E-5108886A723C}"
EndProject
Project("{FAE04EC0-301F-11D3-BF4B-00C04F79EFBC}") = "Tyuiu.AjtkuzhinovEE.Sprint1.Task2.V5.Lib", "Tyuiu.AjtkuzhinovEE.Sprint1.Task2.V5.Lib\Tyuiu.AjtkuzhinovEE.Sprint1.Task2.V5.Lib.csproj", "{AEA3DC63-E97C-4363-8EE7-17BEBD66B14B}"
EndProject
Project("{FAE04EC0-301F-11D3-BF4B-00C04F79EFBC}") = "Tyuiu.AjtkuzhinovEE.Sprint1.Task2.V5.Test", "Tyuiu.AjtkuzhinovEE.Sprint1.Task2.V5.Test\Tyuiu.AjtkuzhinovEE.Sprint1.Task2.V5.Test.csproj", "{DD5F3587-B610-49BE-93F4-C844F4CA2355}"
EndProject
Project("{2150E333-8FDC-42A3-9474-1A3956D46DE8}") = "Task3", "Task3", "{AED876AE-3D62-455A-8F4F-6DF5701E4F09}"
EndProject
Project("{FAE04EC0-301F-11D3-BF4B-00C04F79EFBC}") = "Tyuiu.AjtkuzhinovEE.Sprint1.Task3.V5", "Tyuiu.AltkuzhinovEE.Sprint1.Task3.V5\Tyuiu.AjtkuzhinovEE.Sprint1.Task3.V5.csproj", "{B415C7CC-9568-432A-AEF0-F3F19D3CDD63}"
EndProject
Project("{FAE04EC0-301F-11D3-BF4B-00C04F79EFBC}") = "Tyuiu.AjtkuzhinovEE.Sprint1.Task3.V5.Lib", "Tyuiu.AltkuzhinovEE.Sprint1.Task3.V5.Lib\Tyuiu.AjtkuzhinovEE.Sprint1.Task3.V5.Lib.csproj", "{6B281CA0-2745-470D-ADAF-0D84E9C03D6C}"
EndProject
Project("{FAE04EC0-301F-11D3-BF4B-00C04F79EFBC}") = "Tyuiu.AjtkuzhinovEE.Sprint1.Task3.V5.Test", "Tyuiu.AltkuzhinovEE.Sprint1.Task3.V5.Test\Tyuiu.AjtkuzhinovEE.Sprint1.Task3.V5.Test.csproj", "{C16D9BA3-8ADD-4F2D-A3FC-AB89F039AD69}"
EndProject
Project("{2150E333-8FDC-42A3-9474-1A3956D46DE8}") = "Task4", "Task4", "{36D591C7-65C7-A0D1-1CBC-10CDE441BDC8}"
EndProject
Project("{FAE04EC0-301F-11D3-BF4B-00C04F79EFBC}") = "Tyuiu.AjtkuzhinovEE.Sprint1.Task4.V6", "Tyuiu.AjtkuzhinovEE.Sprint1.Task4.V6\Tyuiu.AjtkuzhinovEE.Sprint1.Task4.V6.csproj", "{38A74430-1752-4EE3-BD1B-2549A28718F2}"
EndProject
Project("{FAE04EC0-301F-11D3-BF4B-00C04F79EFBC}") = "Tyuiu.AjtkuzhinovEE.Sprint1.Task4.V6.Lib", "Tyuiu.AjtkuzhinovEE.Sprint1.Task4.V6.Lib\Tyuiu.AjtkuzhinovEE.Sprint1.Task4.V6.Lib.csproj", "{D720E3E5-85DD-4B5A-B9B2-CF461D9AB72A}"
EndProject
Project("{FAE04EC0-301F-11D3-BF4B-00C04F79EFBC}") = "Tyuiu.AjtkuzhinovEE.Sprint1.Task4.V6.Test", "Tyuiu.AjtkuzhinovEE.Sprint1.Task4.V6.Test\Tyuiu.AjtkuzhinovEE.Sprint1.Task4.V6.Test.csproj", "{AE94F99D-3D41-48C8-B403-F84D640E21DF}"
EndProject
Project("{2150E333-8FDC-42A3-9474-1A3956D46DE8}") = "Task5", "Task5", "{D0FDBCCF-497A-4D13-AE44-C61F5B3A520B}"
EndProject
Project("{FAE04EC0-301F-11D3-BF4B-00C04F79EFBC}") = "Tyuiu.AjtkuzhinovEE.Sprint1.Task5.V2", "Tyuiu.AjtkuzhinovEE.Sprint1.Task5.V2\Tyuiu.AjtkuzhinovEE.Sprint1.Task5.V2.csproj", "{E0318518-5E0B-4DEC-AD20-C713E718F2A9}"
EndProject
Project("{FAE04EC0-301F-11D3-BF4B-00C04F79EFBC}") = "Tyuiu.AjtkuzhinovEE.Sprint1.Task5.V2.Lib", "Tyuiu.AjtkuzhinovEE.Sprint1.Task5.V2.Lib\Tyuiu.AjtkuzhinovEE.Sprint1.Task5.V2.Lib.csproj", "{83204B95-14A0-48C5-BD69-17223E239121}"
EndProject
Project("{FAE04EC0-301F-11D3-BF4B-00C04F79EFBC}") = "Tyuiu.AjtkuzhinovEE.Sprint1.Task5.V2.Test", "Tyuiu.AjtkuzhinovEE.Sprint1.Task5.V2.Test\Tyuiu.AjtkuzhinovEE.Sprint1.Task5.V2.Test.csproj", "{F1672E76-825E-4D93-B0EE-3970223E6EE0}"
EndProject
Project("{2150E333-8FDC-42A3-9474-1A3956D46DE8}") = "Task6", "Task6", "{3D0E8C20-27B5-432D-A282-C0AE4FBC4E01}"
EndProject
Project("{FAE04EC0-301F-11D3-BF4B-00C04F79EFBC}") = "Tyuiu.AjtkuzhinovEE.Sprint1.Task6.V14", "Tyuiu.AjtkuzhinovEE.Sprint1.Task6.V14\Tyuiu.AjtkuzhinovEE.Sprint1.Task6.V14.csproj", "{F2F82F49-84EB-4D0D-879F-2DF361FDF5A1}"
EndProject
Project("{FAE04EC0-301F-11D3-BF4B-00C04F79EFBC}") = "Tyuiu.AjtkuzhinovEE.Sprint1.Task6.V14.Lib", "Tyuiu.AjtkuzhinovEE.Sprint1.Task6.V14.Lib\Tyuiu.AjtkuzhinovEE.Sprint1.Task6.V14.Lib.csproj", "{8F18F91D-2ACF-4586-BE89-6737464FE824}"
EndProject
Project("{FAE04EC0-301F-11D3-BF4B-00C04F79EFBC}") = "Tyuiu.AjtkuzhinovEE.Sprint1.Task6.V14.Test", "Tyuiu.AjtkuzhinovEE.Sprint1.Task6.V14.Test\Tyuiu.AjtkuzhinovEE.Sprint1.Task6.V14.Test.csproj", "{DD8006B0-080D-45F2-974B-02168F62A3CA}"
EndProject
Project("{2150E333-8FDC-42A3-9474-1A3956D46DE8}") = "Task7", "Task7", "{9769C314-E266-453E-A07F-D9D5E6717A26}"
EndProject
Project("{FAE04EC0-301F-11D3-BF4B-00C04F79EFBC}") = "Tyuiu.AjtkuzhinovEE.Sprint1.Task7.V18", "Tyuiu.AjtkuzhinovEE.Sprint1.Task7.V18\Tyuiu.AjtkuzhinovEE.Sprint1.Task7.V18.csproj", "{18BDD92B-74B9-4976-A6CA-7A51223795C2}"
EndProject
Project("{FAE04EC0-301F-11D3-BF4B-00C04F79EFBC}") = "Tyuiu.AjtkuzhinovEE.Sprint1.Task7.V18.Lib", "Tyuiu.AjtkuzhinovEE.Sprint1.Task7.V18.Lib\Tyuiu.AjtkuzhinovEE.Sprint1.Task7.V18.Lib.csproj", "{B964325B-EB31-4FAE-8632-587929ED4937}"
EndProject
Project("{FAE04EC0-301F-11D3-BF4B-00C04F79EFBC}") = "Tyuiu.AjtkuzhinovEE.Sprint1.Task7.V18.Test", "Tyuiu.AjtkuzhinovEE.Sprint1.Task7.V18.Test\Tyuiu.AjtkuzhinovEE.Sprint1.Task7.V18.Test.csproj", "{E58F27E9-3129-4A2B-81CE-5CD73DEC2A32}"
EndProject
Global
	GlobalSection(SolutionConfigurationPlatforms) = preSolution
		Debug|Any CPU = Debug|Any CPU
		Release|Any CPU = Release|Any CPU
	EndGlobalSection
	GlobalSection(ProjectConfigurationPlatforms) = postSolution
		{B44F3AC0-065B-440B-ABD0-B70DDF8CD04A}.Debug|Any CPU.ActiveCfg = Debug|Any CPU
		{B44F3AC0-065B-440B-ABD0-B70DDF8CD04A}.Debug|Any CPU.Build.0 = Debug|Any CPU
		{B44F3AC0-065B-440B-ABD0-B70DDF8CD04A}.Release|Any CPU.ActiveCfg = Release|Any CPU
		{B44F3AC0-065B-440B-ABD0-B70DDF8CD04A}.Release|Any CPU.Build.0 = Release|Any CPU
		{43FFFE42-0DB5-4B68-BDF0-2D72260F5769}.Debug|Any CPU.ActiveCfg = Debug|Any CPU
		{43FFFE42-0DB5-4B68-BDF0-2D72260F5769}.Debug|Any CPU.Build.0 = Debug|Any CPU
		{43FFFE42-0DB5-4B68-BDF0-2D72260F5769}.Release|Any CPU.ActiveCfg = Release|Any CPU
		{43FFFE42-0DB5-4B68-BDF0-2D72260F5769}.Release|Any CPU.Build.0 = Release|Any CPU
		{344F3F03-99E8-4728-B7BD-704C55E7A494}.Debug|Any CPU.ActiveCfg = Debug|Any CPU
		{344F3F03-99E8-4728-B7BD-704C55E7A494}.Debug|Any CPU.Build.0 = Debug|Any CPU
		{344F3F03-99E8-4728-B7BD-704C55E7A494}.Release|Any CPU.ActiveCfg = Release|Any CPU
		{344F3F03-99E8-4728-B7BD-704C55E7A494}.Release|Any CPU.Build.0 = Release|Any CPU
		{45A0F550-7049-41F5-8677-630F39668493}.Debug|Any CPU.ActiveCfg = Debug|Any CPU
		{45A0F550-7049-41F5-8677-630F39668493}.Debug|Any CPU.Build.0 = Debug|Any CPU
		{45A0F550-7049-41F5-8677-630F39668493}.Release|Any CPU.ActiveCfg = Release|Any CPU
		{45A0F550-7049-41F5-8677-630F39668493}.Release|Any CPU.Build.0 = Release|Any CPU
		{BB709254-B7DA-481A-A850-6A40A2809DB5}.Debug|Any CPU.ActiveCfg = Debug|Any CPU
		{BB709254-B7DA-481A-A850-6A40A2809DB5}.Debug|Any CPU.Build.0 = Debug|Any CPU
		{BB709254-B7DA-481A-A850-6A40A2809DB5}.Release|Any CPU.ActiveCfg = Release|Any CPU
		{BB709254-B7DA-481A-A850-6A40A2809DB5}.Release|Any CPU.Build.0 = Release|Any CPU
		{A5925D2F-112A-4CAD-9555-2E89077DDCD6}.Debug|Any CPU.ActiveCfg = Debug|Any CPU
		{A5925D2F-112A-4CAD-9555-2E89077DDCD6}.Debug|Any CPU.Build.0 = Debug|Any CPU
		{A5925D2F-112A-4CAD-9555-2E89077DDCD6}.Release|Any CPU.ActiveCfg = Release|Any CPU
		{A5925D2F-112A-4CAD-9555-2E89077DDCD6}.Release|Any CPU.Build.0 = Release|Any CPU
		{9C4FE155-AF5F-4B87-BF4E-5108886A723C}.Debug|Any CPU.ActiveCfg = Debug|Any CPU
		{9C4FE155-AF5F-4B87-BF4E-5108886A723C}.Debug|Any CPU.Build.0 = Debug|Any CPU
		{9C4FE155-AF5F-4B87-BF4E-5108886A723C}.Release|Any CPU.ActiveCfg = Release|Any CPU
		{9C4FE155-AF5F-4B87-BF4E-5108886A723C}.Release|Any CPU.Build.0 = Release|Any CPU
		{AEA3DC63-E97C-4363-8EE7-17BEBD66B14B}.Debug|Any CPU.ActiveCfg = Debug|Any CPU
		{AEA3DC63-E97C-4363-8EE7-17BEBD66B14B}.Debug|Any CPU.Build.0 = Debug|Any CPU
		{AEA3DC63-E97C-4363-8EE7-17BEBD66B14B}.Release|Any CPU.ActiveCfg = Release|Any CPU
		{AEA3DC63-E97C-4363-8EE7-17BEBD66B14B}.Release|Any CPU.Build.0 = Release|Any CPU
		{DD5F3587-B610-49BE-93F4-C844F4CA2355}.Debug|Any CPU.ActiveCfg = Debug|Any CPU
		{DD5F3587-B610-49BE-93F4-C844F4CA2355}.Debug|Any CPU.Build.0 = Debug|Any CPU
		{DD5F3587-B610-49BE-93F4-C844F4CA2355}.Release|Any CPU.ActiveCfg = Release|Any CPU
		{DD5F3587-B610-49BE-93F4-C844F4CA2355}.Release|Any CPU.Build.0 = Release|Any CPU
		{B415C7CC-9568-432A-AEF0-F3F19D3CDD63}.Debug|Any CPU.ActiveCfg = Debug|Any CPU
		{B415C7CC-9568-432A-AEF0-F3F19D3CDD63}.Debug|Any CPU.Build.0 = Debug|Any CPU
		{B415C7CC-9568-432A-AEF0-F3F19D3CDD63}.Release|Any CPU.ActiveCfg = Release|Any CPU
		{B415C7CC-9568-432A-AEF0-F3F19D3CDD63}.Release|Any CPU.Build.0 = Release|Any CPU
		{6B281CA0-2745-470D-ADAF-0D84E9C03D6C}.Debug|Any CPU.ActiveCfg = Debug|Any CPU
		{6B281CA0-2745-470D-ADAF-0D84E9C03D6C}.Debug|Any CPU.Build.0 = Debug|Any CPU
		{6B281CA0-2745-470D-ADAF-0D84E9C03D6C}.Release|Any CPU.ActiveCfg = Release|Any CPU
		{6B281CA0-2745-470D-ADAF-0D84E9C03D6C}.Release|Any CPU.Build.0 = Release|Any CPU
		{C16D9BA3-8ADD-4F2D-A3FC-AB89F039AD69}.Debug|Any CPU.ActiveCfg = Debug|Any CPU
		{C16D9BA3-8ADD-4F2D-A3FC-AB89F039AD69}.Debug|Any CPU.Build.0 = Debug|Any CPU
		{C16D9BA3-8ADD-4F2D-A3FC-AB89F039AD69}.Release|Any CPU.ActiveCfg = Release|Any CPU
		{C16D9BA3-8ADD-4F2D-A3FC-AB89F039AD69}.Release|Any CPU.Build.0 = Release|Any CPU
		{38A74430-1752-4EE3-BD1B-2549A28718F2}.Debug|Any CPU.ActiveCfg = Debug|Any CPU
		{38A74430-1752-4EE3-BD1B-2549A28718F2}.Debug|Any CPU.Build.0 = Debug|Any CPU
		{38A74430-1752-4EE3-BD1B-2549A28718F2}.Release|Any CPU.ActiveCfg = Release|Any CPU
		{38A74430-1752-4EE3-BD1B-2549A28718F2}.Release|Any CPU.Build.0 = Release|Any CPU
		{D720E3E5-85DD-4B5A-B9B2-CF461D9AB72A}.Debug|Any CPU.ActiveCfg = Debug|Any CPU
		{D720E3E5-85DD-4B5A-B9B2-CF461D9AB72A}.Debug|Any CPU.Build.0 = Debug|Any CPU
		{D720E3E5-85DD-4B5A-B9B2-CF461D9AB72A}.Release|Any CPU.ActiveCfg = Release|Any CPU
		{D720E3E5-85DD-4B5A-B9B2-CF461D9AB72A}.Release|Any CPU.Build.0 = Release|Any CPU
		{AE94F99D-3D41-48C8-B403-F84D640E21DF}.Debug|Any CPU.ActiveCfg = Debug|Any CPU
		{AE94F99D-3D41-48C8-B403-F84D640E21DF}.Debug|Any CPU.Build.0 = Debug|Any CPU
		{AE94F99D-3D41-48C8-B403-F84D640E21DF}.Release|Any CPU.ActiveCfg = Release|Any CPU
		{AE94F99D-3D41-48C8-B403-F84D640E21DF}.Release|Any CPU.Build.0 = Release|Any CPU
		{E0318518-5E0B-4DEC-AD20-C713E718F2A9}.Debug|Any CPU.ActiveCfg = Debug|Any CPU
		{E0318518-5E0B-4DEC-AD20-C713E718F2A9}.Debug|Any CPU.Build.0 = Debug|Any CPU
		{E0318518-5E0B-4DEC-AD20-C713E718F2A9}.Release|Any CPU.ActiveCfg = Release|Any CPU
		{E0318518-5E0B-4DEC-AD20-C713E718F2A9}.Release|Any CPU.Build.0 = Release|Any CPU
		{83204B95-14A0-48C5-BD69-17223E239121}.Debug|Any CPU.ActiveCfg = Debug|Any CPU
		{83204B95-14A0-48C5-BD69-17223E239121}.Debug|Any CPU.Build.0 = Debug|Any CPU
		{83204B95-14A0-48C5-BD69-17223E239121}.Release|Any CPU.ActiveCfg = Release|Any CPU
		{83204B95-14A0-48C5-BD69-17223E239121}.Release|Any CPU.Build.0 = Release|Any CPU
		{F1672E76-825E-4D93-B0EE-3970223E6EE0}.Debug|Any CPU.ActiveCfg = Debug|Any CPU
		{F1672E76-825E-4D93-B0EE-3970223E6EE0}.Debug|Any CPU.Build.0 = Debug|Any CPU
		{F1672E76-825E-4D93-B0EE-3970223E6EE0}.Release|Any CPU.ActiveCfg = Release|Any CPU
		{F1672E76-825E-4D93-B0EE-3970223E6EE0}.Release|Any CPU.Build.0 = Release|Any CPU
		{F2F82F49-84EB-4D0D-879F-2DF361FDF5A1}.Debug|Any CPU.ActiveCfg = Debug|Any CPU
		{F2F82F49-84EB-4D0D-879F-2DF361FDF5A1}.Debug|Any CPU.Build.0 = Debug|Any CPU
		{F2F82F49-84EB-4D0D-879F-2DF361FDF5A1}.Release|Any CPU.ActiveCfg = Release|Any CPU
		{F2F82F49-84EB-4D0D-879F-2DF361FDF5A1}.Release|Any CPU.Build.0 = Release|Any CPU
		{8F18F91D-2ACF-4586-BE89-6737464FE824}.Debug|Any CPU.ActiveCfg = Debug|Any CPU
		{8F18F91D-2ACF-4586-BE89-6737464FE824}.Debug|Any CPU.Build.0 = Debug|Any CPU
		{8F18F91D-2ACF-4586-BE89-6737464FE824}.Release|Any CPU.ActiveCfg = Release|Any CPU
		{8F18F91D-2ACF-4586-BE89-6737464FE824}.Release|Any CPU.Build.0 = Release|Any CPU
		{DD8006B0-080D-45F2-974B-02168F62A3CA}.Debug|Any CPU.ActiveCfg = Debug|Any CPU
		{DD8006B0-080D-45F2-974B-02168F62A3CA}.Debug|Any CPU.Build.0 = Debug|Any CPU
		{DD8006B0-080D-45F2-974B-02168F62A3CA}.Release|Any CPU.ActiveCfg = Release|Any CPU
		{DD8006B0-080D-45F2-974B-02168F62A3CA}.Release|Any CPU.Build.0 = Release|Any CPU
		{18BDD92B-74B9-4976-A6CA-7A51223795C2}.Debug|Any CPU.ActiveCfg = Debug|Any CPU
		{18BDD92B-74B9-4976-A6CA-7A51223795C2}.Debug|Any CPU.Build.0 = Debug|Any CPU
		{18BDD92B-74B9-4976-A6CA-7A51223795C2}.Release|Any CPU.ActiveCfg = Release|Any CPU
		{18BDD92B-74B9-4976-A6CA-7A51223795C2}.Release|Any CPU.Build.0 = Release|Any CPU
		{B964325B-EB31-4FAE-8632-587929ED4937}.Debug|Any CPU.ActiveCfg = Debug|Any CPU
		{B964325B-EB31-4FAE-8632-587929ED4937}.Debug|Any CPU.Build.0 = Debug|Any CPU
		{B964325B-EB31-4FAE-8632-587929ED4937}.Release|Any CPU.ActiveCfg = Release|Any CPU
		{B964325B-EB31-4FAE-8632-587929ED4937}.Release|Any CPU.Build.0 = Release|Any CPU
		{E58F27E9-3129-4A2B-81CE-5CD73DEC2A32}.Debug|Any CPU.ActiveCfg = Debug|Any CPU
		{E58F27E9-3129-4A2B-81CE-5CD73DEC2A32}.Debug|Any CPU.Build.0 = Debug|Any CPU
		{E58F27E9-3129-4A2B-81CE-5CD73DEC2A32}.Release|Any CPU.ActiveCfg = Release|Any CPU
		{E58F27E9-3129-4A2B-81CE-5CD73DEC2A32}.Release|Any CPU.Build.0 = Release|Any CPU
	EndGlobalSection
	GlobalSection(SolutionProperties) = preSolution
		HideSolutionNode = FALSE
	EndGlobalSection
	GlobalSection(NestedProjects) = preSolution
		{B44F3AC0-065B-440B-ABD0-B70DDF8CD04A} = {02EA681E-C7D8-13C7-8484-4AC65E1B71E8}
		{43FFFE42-0DB5-4B68-BDF0-2D72260F5769} = {02EA681E-C7D8-13C7-8484-4AC65E1B71E8}
		{344F3F03-99E8-4728-B7BD-704C55E7A494} = {02EA681E-C7D8-13C7-8484-4AC65E1B71E8}
		{45A0F550-7049-41F5-8677-630F39668493} = {A17F4851-EDA2-4B93-8A25-A92E44A5CA84}
		{BB709254-B7DA-481A-A850-6A40A2809DB5} = {A17F4851-EDA2-4B93-8A25-A92E44A5CA84}
		{A5925D2F-112A-4CAD-9555-2E89077DDCD6} = {A17F4851-EDA2-4B93-8A25-A92E44A5CA84}
		{9C4FE155-AF5F-4B87-BF4E-5108886A723C} = {FED56C20-071B-41E4-8304-8030F1E5150E}
		{AEA3DC63-E97C-4363-8EE7-17BEBD66B14B} = {FED56C20-071B-41E4-8304-8030F1E5150E}
		{DD5F3587-B610-49BE-93F4-C844F4CA2355} = {FED56C20-071B-41E4-8304-8030F1E5150E}
		{B415C7CC-9568-432A-AEF0-F3F19D3CDD63} = {AED876AE-3D62-455A-8F4F-6DF5701E4F09}
		{6B281CA0-2745-470D-ADAF-0D84E9C03D6C} = {AED876AE-3D62-455A-8F4F-6DF5701E4F09}
		{C16D9BA3-8ADD-4F2D-A3FC-AB89F039AD69} = {AED876AE-3D62-455A-8F4F-6DF5701E4F09}
		{38A74430-1752-4EE3-BD1B-2549A28718F2} = {36D591C7-65C7-A0D1-1CBC-10CDE441BDC8}
		{D720E3E5-85DD-4B5A-B9B2-CF461D9AB72A} = {36D591C7-65C7-A0D1-1CBC-10CDE441BDC8}
		{AE94F99D-3D41-48C8-B403-F84D640E21DF} = {36D591C7-65C7-A0D1-1CBC-10CDE441BDC8}
		{E0318518-5E0B-4DEC-AD20-C713E718F2A9} = {D0FDBCCF-497A-4D13-AE44-C61F5B3A520B}
		{83204B95-14A0-48C5-BD69-17223E239121} = {D0FDBCCF-497A-4D13-AE44-C61F5B3A520B}
		{F1672E76-825E-4D93-B0EE-3970223E6EE0} = {D0FDBCCF-497A-4D13-AE44-C61F5B3A520B}
		{F2F82F49-84EB-4D0D-879F-2DF361FDF5A1} = {3D0E8C20-27B5-432D-A282-C0AE4FBC4E01}
		{8F18F91D-2ACF-4586-BE89-6737464FE824} = {3D0E8C20-27B5-432D-A282-C0AE4FBC4E01}
		{DD8006B0-080D-45F2-974B-02168F62A3CA} = {3D0E8C20-27B5-432D-A282-C0AE4FBC4E01}
		{18BDD92B-74B9-4976-A6CA-7A51223795C2} = {9769C314-E266-453E-A07F-D9D5E6717A26}
		{B964325B-EB31-4FAE-8632-587929ED4937} = {9769C314-E266-453E-A07F-D9D5E6717A26}
		{E58F27E9-3129-4A2B-81CE-5CD73DEC2A32} = {9769C314-E266-453E-A07F-D9D5E6717A26}
	EndGlobalSection
	GlobalSection(ExtensibilityGlobals) = postSolution
		SolutionGuid = {5A75198E-015E-4DDF-9125-006C55EC0D2D}
	EndGlobalSection
EndGlobal
